// !$*UTF8*$!
{
	archiveVersion = 1;
	classes = {
	};
	objectVersion = 77;
	objects = {

/* Begin PBXBuildFile section */
		03A74F482FEC4B2D00440B02 /* AXSwift in Frameworks */ = {isa = PBXBuildFile; productRef = 03A74F472FEC4B2D00440B02 /* AXSwift */; };
		03A74F4B2FEC4B3D00440B02 /* SmoothGradient in Frameworks */ = {isa = PBXBuildFile; productRef = 03A74F4A2FEC4B3D00440B02 /* SmoothGradient */; };
		03A74F4E2FEC4B4C00440B02 /* TOMLDecoder in Frameworks */ = {isa = PBXBuildFile; productRef = 03A74F4D2FEC4B4C00440B02 /* TOMLDecoder */; };
		03A74F512FEC4B6C00440B02 /* Textual in Frameworks */ = {isa = PBXBuildFile; productRef = 03A74F502FEC4B6C00440B02 /* Textual */; };
/* End PBXBuildFile section */

/* Begin PBXFileReference section */
		03A74EE32FEC49CA00440B02 /* Barik.app */ = {isa = PBXFileReference; explicitFileType = wrapper.application; includeInIndex = 0; path = Barik.app; sourceTree = BUILT_PRODUCTS_DIR; };
		03A74F452FEC4A5D00440B02 /* .swift-format */ = {isa = PBXFileReference; lastKnownFileType = text; path = ".swift-format"; sourceTree = "<group>"; };
		03A74F532FEC4BFB00440B02 /* login.framework */ = {isa = PBXFileReference; lastKnownFileType = wrapper.framework; name = login.framework; path = ../../../../System/Library/PrivateFrameworks/login.framework; sourceTree = "<group>"; };
		03A74F8B2FEC4CAB00440B02 /* Network.framework */ = {isa = PBXFileReference; lastKnownFileType = wrapper.framework; name = Network.framework; path = System/Library/Frameworks/Network.framework; sourceTree = SDKROOT; };
/* End PBXFileReference section */

/* Begin PBXFileSystemSynchronizedBuildFileExceptionSet section */
		03A74F882FEC4C6500440B02 /* Exceptions for "Barik" folder in "Barik" target */ = {
			isa = PBXFileSystemSynchronizedBuildFileExceptionSet;
			membershipExceptions = (
				AppDelegate.swift,
				Config/ConfigManager.swift,
				Config/ConfigModels.swift,
				Constants.swift,
				main.swift,
				MenuBarPopup/BarPopup.swift,
				MenuBarPopup/BarPopupVariantView.swift,
				MenuBarPopup/BarPopupView.swift,
				Resources/Assets.xcassets,
				Resources/Localizable.xcstrings,
				Utils/ApplicationServices.m,
				Utils/EventManager.swift,
				Utils/ExperimentalConfigurationModifier.swift,
				Utils/ImageCache.swift,
				Utils/VersionChecker.swift,
				Views/AppUpdater.swift,
				Views/BackgroundView.swift,
				Views/BarView.swift,
				Views/BarWidget.swift,
				Widgets/AppleMenu/AppleMenuWidget.swift,
				Widgets/AudioDevices/AudioManager.swift,
				Widgets/AudioDevices/AudioPopup.swift,
				Widgets/AudioDevices/AudioWidget.swift,
				Widgets/Battery/BatteryManager.swift,
				Widgets/Battery/BatteryPopup.swift,
				Widgets/Battery/BatteryWidget.swift,
				Widgets/MenuBar/MenuBarManager.swift,
				Widgets/MenuBar/MenuBarWidget.swift,
				Widgets/Network/NetworkPopup.swift,
				Widgets/Network/NetworkViewModel.swift,
				Widgets/Network/NetworkWidget.swift,
				Widgets/NowPlaying/NowPlayingManager.swift,
				Widgets/NowPlaying/NowPlayingPopup.swift,
				Widgets/NowPlaying/NowPlayingWidget.swift,
				"Widgets/NowPlaying/Providers/Apple Music/Music.swift",
				"Widgets/NowPlaying/Providers/Apple Music/MusicProvider.swift",
				Widgets/NowPlaying/Providers/Protocols.swift,
				Widgets/NowPlaying/Providers/Spotify/Spotify.swift,
				Widgets/NowPlaying/Providers/Spotify/SpotifyProvider.swift,
				Widgets/Spaces/Aerospace/AerospaceModels.swift,
				Widgets/Spaces/Aerospace/AerospaceProvider.swift,
				Widgets/Spaces/SpacesModels.swift,
				Widgets/Spaces/SpacesViewModel.swift,
				Widgets/Spaces/SpacesWidget.swift,
				Widgets/Spaces/Yabai/YabaiModels.swift,
				Widgets/Spaces/Yabai/YabaiProvider.swift,
				Widgets/SystemBanner/ChangelogBannerWidget.swift,
				Widgets/SystemBanner/ChangelogPopup.swift,
				Widgets/SystemBanner/SystemBannerWidget.swift,
				Widgets/SystemBanner/UpdateBannerWidget.swift,
				"Widgets/Time+Calendar/CalendarManager.swift",
				"Widgets/Time+Calendar/CalendarPopup.swift",
				"Widgets/Time+Calendar/TimeWidget.swift",
			);
			target = 03A74EE22FEC49CA00440B02 /* Barik */;
		};
/* End PBXFileSystemSynchronizedBuildFileExceptionSet section */

/* Begin PBXFileSystemSynchronizedRootGroup section */
		03A74F432FEC4A0F00440B02 /* Barik */ = {
			isa = PBXFileSystemSynchronizedRootGroup;
			exceptions = (
				03A74F882FEC4C6500440B02 /* Exceptions for "Barik" folder in "Barik" target */,
			);
			path = Barik;
			sourceTree = "<group>";
		};
/* End PBXFileSystemSynchronizedRootGroup section */

/* Begin PBXFrameworksBuildPhase section */
		03A74EE02FEC49CA00440B02 /* Frameworks */ = {
			isa = PBXFrameworksBuildPhase;
			buildActionMask = 2147483647;
			files = (
				03A74F4E2FEC4B4C00440B02 /* TOMLDecoder in Frameworks */,
				03A74F4B2FEC4B3D00440B02 /* SmoothGradient in Frameworks */,
				03A74F512FEC4B6C00440B02 /* Textual in Frameworks */,
				03A74F482FEC4B2D00440B02 /* AXSwift in Frameworks */,
			);
			runOnlyForDeploymentPostprocessing = 0;
		};
/* End PBXFrameworksBuildPhase section */

/* Begin PBXGroup section */
		03A74EDA2FEC49CA00440B02 = {
			isa = PBXGroup;
			children = (
				03A74F452FEC4A5D00440B02 /* .swift-format */,
				03A74F432FEC4A0F00440B02 /* Barik */,
				03A74F522FEC4BFB00440B02 /* Frameworks */,
				03A74EE42FEC49CA00440B02 /* Products */,
			);
			sourceTree = "<group>";
		};
		03A74EE42FEC49CA00440B02 /* Products */ = {
			isa = PBXGroup;
			children = (
				03A74EE32FEC49CA00440B02 /* Barik.app */,
			);
			name = Products;
			sourceTree = "<group>";
		};
		03A74F522FEC4BFB00440B02 /* Frameworks */ = {
			isa = PBXGroup;
			children = (
				03A74F8B2FEC4CAB00440B02 /* Network.framework */,
				03A74F532FEC4BFB00440B02 /* login.framework */,
			);
			name = Frameworks;
			sourceTree = "<group>";
		};
/* End PBXGroup section */

/* Begin PBXNativeTarget section */
		03A74EE22FEC49CA00440B02 /* Barik */ = {
			isa = PBXNativeTarget;
			buildConfigurationList = 03A74EEE2FEC49CB00440B02 /* Build configuration list for PBXNativeTarget "Barik" */;
			buildPhases = (
				03A74EDF2FEC49CA00440B02 /* Sources */,
				03A74EE02FEC49CA00440B02 /* Frameworks */,
				03A74EE12FEC49CA00440B02 /* Resources */,
			);
			buildRules = (
			);
			dependencies = (
			);
			name = Barik;
			packageProductDependencies = (
				03A74F472FEC4B2D00440B02 /* AXSwift */,
				03A74F4A2FEC4B3D00440B02 /* SmoothGradient */,
				03A74F4D2FEC4B4C00440B02 /* TOMLDecoder */,
				03A74F502FEC4B6C00440B02 /* Textual */,
			);
			productName = Barik;
			productReference = 03A74EE32FEC49CA00440B02 /* Barik.app */;
			productType = "com.apple.product-type.application";
		};
/* End PBXNativeTarget section */

/* Begin PBXProject section */
		03A74EDB2FEC49CA00440B02 /* Project object */ = {
			isa = PBXProject;
			attributes = {
				BuildIndependentTargetsInParallel = 1;
				LastSwiftUpdateCheck = 2630;
				LastUpgradeCheck = 2630;
				TargetAttributes = {
					03A74EE22FEC49CA00440B02 = {
						CreatedOnToolsVersion = 26.3;
					};
				};
			};
			buildConfigurationList = 03A74EDE2FEC49CA00440B02 /* Build configuration list for PBXProject "Barik" */;
			developmentRegion = en;
			hasScannedForEncodings = 0;
			knownRegions = (
				en,
				Base,
			);
			mainGroup = 03A74EDA2FEC49CA00440B02;
			minimizedProjectReferenceProxies = 1;
			packageReferences = (
				03A74F462FEC4B2D00440B02 /* XCRemoteSwiftPackageReference "AXSwift" */,
				03A74F492FEC4B3D00440B02 /* XCRemoteSwiftPackageReference "SmoothGradient" */,
				03A74F4C2FEC4B4C00440B02 /* XCRemoteSwiftPackageReference "TOMLDecoder" */,
				03A74F4F2FEC4B6C00440B02 /* XCRemoteSwiftPackageReference "textual" */,
			);
			preferredProjectObjectVersion = 77;
			productRefGroup = 03A74EE42FEC49CA00440B02 /* Products */;
			projectDirPath = "";
			projectRoot = "";
			targets = (
				03A74EE22FEC49CA00440B02 /* Barik */,
			);
		};
/* End PBXProject section */

/* Begin PBXResourcesBuildPhase section */
		03A74EE12FEC49CA00440B02 /* Resources */ = {
			isa = PBXResourcesBuildPhase;
			buildActionMask = 2147483647;
			files = (
			);
			runOnlyForDeploymentPostprocessing = 0;
		};
/* End PBXResourcesBuildPhase section */

/* Begin PBXSourcesBuildPhase section */
		03A74EDF2FEC49CA00440B02 /* Sources */ = {
			isa = PBXSourcesBuildPhase;
			buildActionMask = 2147483647;
			files = (
			);
			runOnlyForDeploymentPostprocessing = 0;
		};
/* End PBXSourcesBuildPhase section */

/* Begin XCBuildConfiguration section */
		03A74EEC2FEC49CB00440B02 /* Debug */ = {
			isa = XCBuildConfiguration;
			buildSettings = {
				ALWAYS_SEARCH_USER_PATHS = NO;
				ASSETCATALOG_COMPILER_GENERATE_SWIFT_ASSET_SYMBOL_EXTENSIONS = YES;
				CLANG_ANALYZER_NONNULL = YES;
				CLANG_ANALYZER_NUMBER_OBJECT_CONVERSION = YES_AGGRESSIVE;
				CLANG_CXX_LANGUAGE_STANDARD = "gnu++20";
				CLANG_ENABLE_MODULES = YES;
				CLANG_ENABLE_OBJC_ARC = YES;
				CLANG_ENABLE_OBJC_WEAK = YES;
				CLANG_WARN_BLOCK_CAPTURE_AUTORELEASING = YES;
				CLANG_WARN_BOOL_CONVERSION = YES;
				CLANG_WARN_COMMA = YES;
				CLANG_WARN_CONSTANT_CONVERSION = YES;
				CLANG_WARN_DEPRECATED_OBJC_IMPLEMENTATIONS = YES;
				CLANG_WARN_DIRECT_OBJC_ISA_USAGE = YES_ERROR;
				CLANG_WARN_DOCUMENTATION_COMMENTS = YES;
				CLANG_WARN_EMPTY_BODY = YES;
				CLANG_WARN_ENUM_CONVERSION = YES;
				CLANG_WARN_INFINITE_RECURSION = YES;
				CLANG_WARN_INT_CONVERSION = YES;
				CLANG_WARN_NON_LITERAL_NULL_CONVERSION = YES;
				CLANG_WARN_OBJC_IMPLICIT_RETAIN_SELF = YES;
				CLANG_WARN_OBJC_LITERAL_CONVERSION = YES;
				CLANG_WARN_OBJC_ROOT_CLASS = YES_ERROR;
				CLANG_WARN_QUOTED_INCLUDE_IN_FRAMEWORK_HEADER = YES;
				CLANG_WARN_RANGE_LOOP_ANALYSIS = YES;
				CLANG_WARN_STRICT_PROTOTYPES = YES;
				CLANG_WARN_SUSPICIOUS_MOVE = YES;
				CLANG_WARN_UNGUARDED_AVAILABILITY = YES_AGGRESSIVE;
				CLANG_WARN_UNREACHABLE_CODE = YES;
				CLANG_WARN__DUPLICATE_METHOD_MATCH = YES;
				COPY_PHASE_STRIP = NO;
				DEBUG_INFORMATION_FORMAT = dwarf;
				DEVELOPMENT_TEAM = MP26D4WTMR;
				ENABLE_STRICT_OBJC_MSGSEND = YES;
				ENABLE_TESTABILITY = YES;
				ENABLE_USER_SCRIPT_SANDBOXING = YES;
				GCC_C_LANGUAGE_STANDARD = gnu17;
				GCC_DYNAMIC_NO_PIC = NO;
				GCC_NO_COMMON_BLOCKS = YES;
				GCC_OPTIMIZATION_LEVEL = 0;
				GCC_PREPROCESSOR_DEFINITIONS = (
					"DEBUG=1",
					"$(inherited)",
				);
				GCC_WARN_64_TO_32_BIT_CONVERSION = YES;
				GCC_WARN_ABOUT_RETURN_TYPE = YES_ERROR;
				GCC_WARN_UNDECLARED_SELECTOR = YES;
				GCC_WARN_UNINITIALIZED_AUTOS = YES_AGGRESSIVE;
				GCC_WARN_UNUSED_FUNCTION = YES;
				GCC_WARN_UNUSED_VARIABLE = YES;
				LOCALIZATION_PREFERS_STRING_CATALOGS = YES;
				MACOSX_DEPLOYMENT_TARGET = 15.7;
				MTL_ENABLE_DEBUG_INFO = INCLUDE_SOURCE;
				MTL_FAST_MATH = YES;
				ONLY_ACTIVE_ARCH = YES;
				SDKROOT = macosx;
				SWIFT_ACTIVE_COMPILATION_CONDITIONS = "DEBUG $(inherited)";
				SWIFT_OPTIMIZATION_LEVEL = "-Onone";
			};
			name = Debug;
		};
		03A74EED2FEC49CB00440B02 /* Release */ = {
			isa = XCBuildConfiguration;
			buildSettings = {
				ALWAYS_SEARCH_USER_PATHS = NO;
				ASSETCATALOG_COMPILER_GENERATE_SWIFT_ASSET_SYMBOL_EXTENSIONS = YES;
				CLANG_ANALYZER_NONNULL = YES;
				CLANG_ANALYZER_NUMBER_OBJECT_CONVERSION = YES_AGGRESSIVE;
				CLANG_CXX_LANGUAGE_STANDARD = "gnu++20";
				CLANG_ENABLE_MODULES = YES;
				CLANG_ENABLE_OBJC_ARC = YES;
				CLANG_ENABLE_OBJC_WEAK = YES;
				CLANG_WARN_BLOCK_CAPTURE_AUTORELEASING = YES;
				CLANG_WARN_BOOL_CONVERSION = YES;
				CLANG_WARN_COMMA = YES;
				CLANG_WARN_CONSTANT_CONVERSION = YES;
				CLANG_WARN_DEPRECATED_OBJC_IMPLEMENTATIONS = YES;
				CLANG_WARN_DIRECT_OBJC_ISA_USAGE = YES_ERROR;
				CLANG_WARN_DOCUMENTATION_COMMENTS = YES;
				CLANG_WARN_EMPTY_BODY = YES;
				CLANG_WARN_ENUM_CONVERSION = YES;
				CLANG_WARN_INFINITE_RECURSION = YES;
				CLANG_WARN_INT_CONVERSION = YES;
				CLANG_WARN_NON_LITERAL_NULL_CONVERSION = YES;
				CLANG_WARN_OBJC_IMPLICIT_RETAIN_SELF = YES;
				CLANG_WARN_OBJC_LITERAL_CONVERSION = YES;
				CLANG_WARN_OBJC_ROOT_CLASS = YES_ERROR;
				CLANG_WARN_QUOTED_INCLUDE_IN_FRAMEWORK_HEADER = YES;
				CLANG_WARN_RANGE_LOOP_ANALYSIS = YES;
				CLANG_WARN_STRICT_PROTOTYPES = YES;
				CLANG_WARN_SUSPICIOUS_MOVE = YES;
				CLANG_WARN_UNGUARDED_AVAILABILITY = YES_AGGRESSIVE;
				CLANG_WARN_UNREACHABLE_CODE = YES;
				CLANG_WARN__DUPLICATE_METHOD_MATCH = YES;
				COPY_PHASE_STRIP = NO;
				DEBUG_INFORMATION_FORMAT = "dwarf-with-dsym";
				DEVELOPMENT_TEAM = MP26D4WTMR;
				ENABLE_NS_ASSERTIONS = NO;
				ENABLE_STRICT_OBJC_MSGSEND = YES;
				ENABLE_USER_SCRIPT_SANDBOXING = YES;
				GCC_C_LANGUAGE_STANDARD = gnu17;
				GCC_NO_COMMON_BLOCKS = YES;
				GCC_WARN_64_TO_32_BIT_CONVERSION = YES;
				GCC_WARN_ABOUT_RETURN_TYPE = YES_ERROR;
				GCC_WARN_UNDECLARED_SELECTOR = YES;
				GCC_WARN_UNINITIALIZED_AUTOS = YES_AGGRESSIVE;
				GCC_WARN_UNUSED_FUNCTION = YES;
				GCC_WARN_UNUSED_VARIABLE = YES;
				LOCALIZATION_PREFERS_STRING_CATALOGS = YES;
				MACOSX_DEPLOYMENT_TARGET = 15.7;
				MTL_ENABLE_DEBUG_INFO = NO;
				MTL_FAST_MATH = YES;
				SDKROOT = macosx;
				SWIFT_COMPILATION_MODE = wholemodule;
			};
			name = Release;
		};
		03A74EEF2FEC49CB00440B02 /* Debug */ = {
			isa = XCBuildConfiguration;
			buildSettings = {
				ASSETCATALOG_COMPILER_APPICON_NAME = AppIcon;
				ASSETCATALOG_COMPILER_GLOBAL_ACCENT_COLOR_NAME = AccentColor;
				AUTOMATION_APPLE_EVENTS = YES;
				CODE_SIGN_STYLE = Automatic;
				COMBINE_HIDPI_IMAGES = YES;
				CURRENT_PROJECT_VERSION = 1;
				DEVELOPMENT_TEAM = MP26D4WTMR;
				ENABLE_APP_SANDBOX = NO;
				ENABLE_HARDENED_RUNTIME = YES;
				ENABLE_PREVIEWS = YES;
				ENABLE_RESOURCE_ACCESS_AUDIO_INPUT = NO;
				ENABLE_RESOURCE_ACCESS_CALENDARS = YES;
				ENABLE_RESOURCE_ACCESS_CAMERA = NO;
				ENABLE_RESOURCE_ACCESS_CONTACTS = NO;
				ENABLE_RESOURCE_ACCESS_LOCATION = YES;
				ENABLE_RESOURCE_ACCESS_PHOTO_LIBRARY = NO;
				GENERATE_INFOPLIST_FILE = YES;
				INFOPLIST_KEY_NSAppleEventsUsageDescription = "Barik needs to be able to control music applications";
				INFOPLIST_KEY_NSCalendarsFullAccessUsageDescription = "Barik needs calendar access to display events in the clock widget";
				INFOPLIST_KEY_NSHumanReadableCopyright = "";
				INFOPLIST_KEY_NSLocationUsageDescription = "Barik needs location access to get Wi-Fi details";
				LD_RUNPATH_SEARCH_PATHS = (
					"$(inherited)",
					"@executable_path/../Frameworks",
				);
				MACOSX_DEPLOYMENT_TARGET = 15.0;
				MARKETING_VERSION = 0.5.1;
				PRODUCT_BUNDLE_IDENTIFIER = dev.syllogistic.Barik;
				PRODUCT_NAME = "$(TARGET_NAME)";
				REGISTER_APP_GROUPS = YES;
				RUNTIME_EXCEPTION_ALLOW_DYLD_ENVIRONMENT_VARIABLES = NO;
				RUNTIME_EXCEPTION_ALLOW_JIT = NO;
				RUNTIME_EXCEPTION_ALLOW_UNSIGNED_EXECUTABLE_MEMORY = NO;
				RUNTIME_EXCEPTION_DEBUGGING_TOOL = NO;
				RUNTIME_EXCEPTION_DISABLE_EXECUTABLE_PAGE_PROTECTION = NO;
				RUNTIME_EXCEPTION_DISABLE_LIBRARY_VALIDATION = NO;
				STRING_CATALOG_GENERATE_SYMBOLS = YES;
				SWIFT_APPROACHABLE_CONCURRENCY = YES;
				SWIFT_DEFAULT_ACTOR_ISOLATION = MainActor;
				SWIFT_EMIT_LOC_STRINGS = YES;
				SWIFT_ENABLE_EXPLICIT_MODULES = YES;
				SWIFT_OBJC_BRIDGING_HEADER = Barik/Utils/BridgingHeader.h;
				SWIFT_UPCOMING_FEATURE_MEMBER_IMPORT_VISIBILITY = YES;
				SWIFT_VERSION = 5.0;
				SYSTEM_FRAMEWORK_SEARCH_PATHS = "$(inherited)";
			};
			name = Debug;
		};
		03A74EF02FEC49CB00440B02 /* Release */ = {
			isa = XCBuildConfiguration;
			buildSettings = {
				ASSETCATALOG_COMPILER_APPICON_NAME = AppIcon;
				ASSETCATALOG_COMPILER_GLOBAL_ACCENT_COLOR_NAME = AccentColor;
				AUTOMATION_APPLE_EVENTS = YES;
				CODE_SIGN_STYLE = Automatic;
				COMBINE_HIDPI_IMAGES = YES;
				CURRENT_PROJECT_VERSION = 1;
				DEVELOPMENT_TEAM = MP26D4WTMR;
				ENABLE_APP_SANDBOX = NO;
				ENABLE_HARDENED_RUNTIME = YES;
				ENABLE_PREVIEWS = YES;
				ENABLE_RESOURCE_ACCESS_AUDIO_INPUT = NO;
				ENABLE_RESOURCE_ACCESS_CALENDARS = YES;
				ENABLE_RESOURCE_ACCESS_CAMERA = NO;
				ENABLE_RESOURCE_ACCESS_CONTACTS = NO;
				ENABLE_RESOURCE_ACCESS_LOCATION = YES;
				ENABLE_RESOURCE_ACCESS_PHOTO_LIBRARY = NO;
				GENERATE_INFOPLIST_FILE = YES;
				INFOPLIST_KEY_NSAppleEventsUsageDescription = "Barik needs to be able to control music applications";
				INFOPLIST_KEY_NSCalendarsFullAccessUsageDescription = "Barik needs calendar access to display events in the clock widget";
				INFOPLIST_KEY_NSHumanReadableCopyright = "";
				INFOPLIST_KEY_NSLocationUsageDescription = "Barik needs location access to get Wi-Fi details";
				LD_RUNPATH_SEARCH_PATHS = (
					"$(inherited)",
					"@executable_path/../Frameworks",
				);
				MACOSX_DEPLOYMENT_TARGET = 15.0;
				MARKETING_VERSION = 0.5.1;
				PRODUCT_BUNDLE_IDENTIFIER = dev.syllogistic.Barik;
				PRODUCT_NAME = "$(TARGET_NAME)";
				REGISTER_APP_GROUPS = YES;
				RUNTIME_EXCEPTION_ALLOW_DYLD_ENVIRONMENT_VARIABLES = NO;
				RUNTIME_EXCEPTION_ALLOW_JIT = NO;
				RUNTIME_EXCEPTION_ALLOW_UNSIGNED_EXECUTABLE_MEMORY = NO;
				RUNTIME_EXCEPTION_DEBUGGING_TOOL = NO;
				RUNTIME_EXCEPTION_DISABLE_EXECUTABLE_PAGE_PROTECTION = NO;
				RUNTIME_EXCEPTION_DISABLE_LIBRARY_VALIDATION = NO;
				STRING_CATALOG_GENERATE_SYMBOLS = YES;
				SWIFT_APPROACHABLE_CONCURRENCY = YES;
				SWIFT_DEFAULT_ACTOR_ISOLATION = MainActor;
				SWIFT_EMIT_LOC_STRINGS = YES;
				SWIFT_ENABLE_EXPLICIT_MODULES = YES;
				SWIFT_OBJC_BRIDGING_HEADER = Barik/Utils/BridgingHeader.h;
				SWIFT_UPCOMING_FEATURE_MEMBER_IMPORT_VISIBILITY = YES;
				SWIFT_VERSION = 5.0;
				SYSTEM_FRAMEWORK_SEARCH_PATHS = "$(inherited)";
			};
			name = Release;
		};
/* End XCBuildConfiguration section */

/* Begin XCConfigurationList section */
		03A74EDE2FEC49CA00440B02 /* Build configuration list for PBXProject "Barik" */ = {
			isa = XCConfigurationList;
			buildConfigurations = (
				03A74EEC2FEC49CB00440B02 /* Debug */,
				03A74EED2FEC49CB00440B02 /* Release */,
			);
			defaultConfigurationIsVisible = 0;
			defaultConfigurationName = Release;
		};
		03A74EEE2FEC49CB00440B02 /* Build configuration list for PBXNativeTarget "Barik" */ = {
			isa = XCConfigurationList;
			buildConfigurations = (
				03A74EEF2FEC49CB00440B02 /* Debug */,
				03A74EF02FEC49CB00440B02 /* Release */,
			);
			defaultConfigurationIsVisible = 0;
			defaultConfigurationName = Release;
		};
/* End XCConfigurationList section */

/* Begin XCRemoteSwiftPackageReference section */
		03A74F462FEC4B2D00440B02 /* XCRemoteSwiftPackageReference "AXSwift" */ = {
			isa = XCRemoteSwiftPackageReference;
			repositoryURL = "https://github.com/tmandry/AXSwift";
			requirement = {
				kind = upToNextMajorVersion;
				minimumVersion = 0.3.2;
			};
		};
		03A74F492FEC4B3D00440B02 /* XCRemoteSwiftPackageReference "SmoothGradient" */ = {
			isa = XCRemoteSwiftPackageReference;
			repositoryURL = "https://github.com/raymondjavaxx/SmoothGradient";
			requirement = {
				kind = upToNextMajorVersion;
				minimumVersion = 1.0.1;
			};
		};
		03A74F4C2FEC4B4C00440B02 /* XCRemoteSwiftPackageReference "TOMLDecoder" */ = {
			isa = XCRemoteSwiftPackageReference;
			repositoryURL = "https://github.com/dduan/TOMLDecoder";
			requirement = {
				kind = exactVersion;
				version = 0.3.3;
			};
		};
		03A74F4F2FEC4B6C00440B02 /* XCRemoteSwiftPackageReference "textual" */ = {
			isa = XCRemoteSwiftPackageReference;
			repositoryURL = "https://github.com/gonzalezreal/textual";
			requirement = {
				kind = upToNextMajorVersion;
				minimumVersion = 0.5.0;
			};
		};
/* End XCRemoteSwiftPackageReference section */

/* Begin XCSwiftPackageProductDependency section */
		03A74F472FEC4B2D00440B02 /* AXSwift */ = {
			isa = XCSwiftPackageProductDependency;
			package = 03A74F462FEC4B2D00440B02 /* XCRemoteSwiftPackageReference "AXSwift" */;
			productName = AXSwift;
		};
		03A74F4A2FEC4B3D00440B02 /* SmoothGradient */ = {
			isa = XCSwiftPackageProductDependency;
			package = 03A74F492FEC4B3D00440B02 /* XCRemoteSwiftPackageReference "SmoothGradient" */;
			productName = SmoothGradient;
		};
		03A74F4D2FEC4B4C00440B02 /* TOMLDecoder */ = {
			isa = XCSwiftPackageProductDependency;
			package = 03A74F4C2FEC4B4C00440B02 /* XCRemoteSwiftPackageReference "TOMLDecoder" */;
			productName = TOMLDecoder;
		};
		03A74F502FEC4B6C00440B02 /* Textual */ = {
			isa = XCSwiftPackageProductDependency;
			package = 03A74F4F2FEC4B6C00440B02 /* XCRemoteSwiftPackageReference "textual" */;
			productName = Textual;
		};
/* End XCSwiftPackageProductDependency section */
	};
	rootObject = 03A74EDB2FEC49CA00440B02 /* Project object */;
}
