{
  "originHash" : "aba7e633f9d5b626510fc37ae1c583f1f7ec86a883138d6601057243a9174d76",
  "pins" : [
    {
      "identity" : "skylightwindow",
      "kind" : "remoteSourceControl",
      "location" : "https://github.com/Lakr233/SkyLightWindow",
      "state" : {
        "revision" : "b7bd99f62a0673a99bed4bfd31098ca1dcdd10eb",
        "version" : "1.0.0"
      }
    },
    {
      "identity" : "swift-concurrency-extras",
      "kind" : "remoteSourceControl",
      "location" : "https://github.com/pointfreeco/swift-concurrency-extras",
      "state" : {
        "revision" : "a90e2e40a7a840a853dd29e57cbef5dbb72c9d5b",
        "version" : "1.4.0"
      }
    },
    {
      "identity" : "swiftui-math",
      "kind" : "remoteSourceControl",
      "location" : "https://github.com/gonzalezreal/swiftui-math",
      "state" : {
        "revision" : "0b5c2cfaaec8d6193db206f675048eeb5ce95f71",
        "version" : "0.1.0"
      }
    },
    {
      "identity" : "textual",
      "kind" : "remoteSourceControl",
      "location" : "https://github.com/gonzalezreal/textual",
      "state" : {
        "revision" : "5b06b811c0f5313b6b84bbef98c635a630638c38",
        "version" : "0.3.1"
      }
    },
    {
      "identity" : "tomldecoder",
      "kind" : "remoteSourceControl",
      "location" : "https://github.com/dduan/TOMLDecoder",
      "state" : {
        "revision" : "3c39488277639a9acd461eb9da266fd75fb420d1",
        "version" : "0.3.3"
      }
    }
  ],
  "version" : 3
}
